// !$*UTF8*$!
{
	archiveVersion = 1;
	classes = {
	};
	objectVersion = 48;
	objects = {

/* Begin PBXBuildFile section */
		62CEA5281FB057CF0040F766 /* AppDelegate.m in Sources */ = {isa = PBXBuildFile; fileRef = 62CEA5271FB057CF0040F766 /* AppDelegate.m */; };
		62CEA52B1FB057CF0040F766 /* ViewController.m in Sources */ = {isa = PBXBuildFile; fileRef = 62CEA52A1FB057CF0040F766 /* ViewController.m */; };
		62CEA52E1FB057CF0040F766 /* Main.storyboard in Resources */ = {isa = PBXBuildFile; fileRef = 62CEA52C1FB057CF0040F766 /* Main.storyboard */; };
		62CEA5301FB057CF0040F766 /* Assets.xcassets in Resources */ = {isa = PBXBuildFile; fileRef = 62CEA52F1FB057CF0040F766 /* Assets.xcassets */; };
		62CEA5331FB057CF0040F766 /* LaunchScreen.storyboard in Resources */ = {isa = PBXBuildFile; fileRef = 62CEA5311FB057CF0040F766 /* LaunchScreen.storyboard */; };
		62CEA5361FB057CF0040F766 /* main.m in Sources */ = {isa = PBXBuildFile; fileRef = 62CEA5351FB057CF0040F766 /* main.m */; };
		62CEA53E1FB058810040F766 /* CustomNavigationBar.m in Sources */ = {isa = PBXBuildFile; fileRef = 62CEA53D1FB058810040F766 /* CustomNavigationBar.m */; };
/* End PBXBuildFile section */

/* Begin PBXFileReference section */
		62CEA5231FB057CF0040F766 /* StretchHeadControls.app */ = {isa = PBXFileReference; explicitFileType = wrapper.application; includeInIndex = 0; path = StretchHeadControls.app; sourceTree = BUILT_PRODUCTS_DIR; };
		62CEA5261FB057CF0040F766 /* AppDelegate.h */ = {isa = PBXFileReference; lastKnownFileType = sourcecode.c.h; path = AppDelegate.h; sourceTree = "<group>"; };
		62CEA5271FB057CF0040F766 /* AppDelegate.m */ = {isa = PBXFileReference; lastKnownFileType = sourcecode.c.objc; path = AppDelegate.m; sourceTree = "<group>"; };
		62CEA5291FB057CF0040F766 /* ViewController.h */ = {isa = PBXFileReference; lastKnownFileType = sourcecode.c.h; path = ViewController.h; sourceTree = "<group>"; };
		62CEA52A1FB057CF0040F766 /* ViewController.m */ = {isa = PBXFileReference; lastKnownFileType = sourcecode.c.objc; path = ViewController.m; sourceTree = "<group>"; };
		62CEA52D1FB057CF0040F766 /* Base */ = {isa = PBXFileReference; lastKnownFileType = file.storyboard; name = Base; path = Base.lproj/Main.storyboard; sourceTree = "<group>"; };
		62CEA52F1FB057CF0040F766 /* Assets.xcassets */ = {isa = PBXFileReference; lastKnownFileType = folder.assetcatalog; path = Assets.xcassets; sourceTree = "<group>"; };
		62CEA5321FB057CF0040F766 /* Base */ = {isa = PBXFileReference; lastKnownFileType = file.storyboard; name = Base; path = Base.lproj/LaunchScreen.storyboard; sourceTree = "<group>"; };
		62CEA5341FB057CF0040F766 /* Info.plist */ = {isa = PBXFileReference; lastKnownFileType = text.plist.xml; path = Info.plist; sourceTree = "<group>"; };
		62CEA5351FB057CF0040F766 /* main.m */ = {isa = PBXFileReference; lastKnownFileType = sourcecode.c.objc; path = main.m; sourceTree = "<group>"; };
		62CEA53C1FB058810040F766 /* CustomNavigationBar.h */ = {isa = PBXFileReference; fileEncoding = 4; lastKnownFileType = sourcecode.c.h; path = CustomNavigationBar.h; sourceTree = "<group>"; };
		62CEA53D1FB058810040F766 /* CustomNavigationBar.m */ = {isa = PBXFileReference; fileEncoding = 4; lastKnownFileType = sourcecode.c.objc; path = CustomNavigationBar.m; sourceTree = "<group>"; };
		62CEA53F1FB058940040F766 /* PrefixHeader.pch */ = {isa = PBXFileReference; fileEncoding = 4; lastKnownFileType = sourcecode.c.h; path = PrefixHeader.pch; sourceTree = "<group>"; };
/* End PBXFileReference section */

/* Begin PBXFrameworksBuildPhase section */
		62CEA5201FB057CF0040F766 /* Frameworks */ = {
			isa = PBXFrameworksBuildPhase;
			buildActionMask = 2147483647;
			files = (
			);
			runOnlyForDeploymentPostprocessing = 0;
		};
/* End PBXFrameworksBuildPhase section */

/* Begin PBXGroup section */
		62CEA51A1FB057CF0040F766 = {
			isa = PBXGroup;
			children = (
				62CEA5251FB057CF0040F766 /* StretchHeadControls */,
				62CEA5241FB057CF0040F766 /* Products */,
			);
			sourceTree = "<group>";
		};
		62CEA5241FB057CF0040F766 /* Products */ = {
			isa = PBXGroup;
			children = (
				62CEA5231FB057CF0040F766 /* StretchHeadControls.app */,
			);
			name = Products;
			sourceTree = "<group>";
		};
		62CEA5251FB057CF0040F766 /* StretchHeadControls */ = {
			isa = PBXGroup;
			children = (
				62CEA5261FB057CF0040F766 /* AppDelegate.h */,
				62CEA5271FB057CF0040F766 /* AppDelegate.m */,
				62CEA5291FB057CF0040F766 /* ViewController.h */,
				62CEA52A1FB057CF0040F766 /* ViewController.m */,
				62CEA53C1FB058810040F766 /* CustomNavigationBar.h */,
				62CEA53D1FB058810040F766 /* CustomNavigationBar.m */,
				62CEA53F1FB058940040F766 /* PrefixHeader.pch */,
				62CEA52C1FB057CF0040F766 /* Main.storyboard */,
				62CEA52F1FB057CF0040F766 /* Assets.xcassets */,
				62CEA5311FB057CF0040F766 /* LaunchScreen.storyboard */,
				62CEA5341FB057CF0040F766 /* Info.plist */,
				62CEA5351FB057CF0040F766 /* main.m */,
			);
			path = StretchHeadControls;
			sourceTree = "<group>";
		};
/* End PBXGroup section */

/* Begin PBXNativeTarget section */
		62CEA5221FB057CF0040F766 /* StretchHeadControls */ = {
			isa = PBXNativeTarget;
			buildConfigurationList = 62CEA5391FB057CF0040F766 /* Build configuration list for PBXNativeTarget "StretchHeadControls" */;
			buildPhases = (
				62CEA51F1FB057CF0040F766 /* Sources */,
				62CEA5201FB057CF0040F766 /* Frameworks */,
				62CEA5211FB057CF0040F766 /* Resources */,
			);
			buildRules = (
			);
			dependencies = (
			);
			name = StretchHeadControls;
			productName = StretchHeadControls;
			productReference = 62CEA5231FB057CF0040F766 /* StretchHeadControls.app */;
			productType = "com.apple.product-type.application";
		};
/* End PBXNativeTarget section */

/* Begin PBXProject section */
		62CEA51B1FB057CF0040F766 /* Project object */ = {
			isa = PBXProject;
			attributes = {
				LastUpgradeCheck = 0910;
				ORGANIZATIONNAME = "宋好云";
				TargetAttributes = {
					62CEA5221FB057CF0040F766 = {
						CreatedOnToolsVersion = 9.1;
						ProvisioningStyle = Automatic;
					};
				};
			};
			buildConfigurationList = 62CEA51E1FB057CF0040F766 /* Build configuration list for PBXProject "StretchHeadControls" */;
			compatibilityVersion = "Xcode 8.0";
			developmentRegion = en;
			hasScannedForEncodings = 0;
			knownRegions = (
				en,
				Base,
			);
			mainGroup = 62CEA51A1FB057CF0040F766;
			productRefGroup = 62CEA5241FB057CF0040F766 /* Products */;
			projectDirPath = "";
			projectRoot = "";
			targets = (
				62CEA5221FB057CF0040F766 /* StretchHeadControls */,
			);
		};
/* End PBXProject section */

/* Begin PBXResourcesBuildPhase section */
		62CEA5211FB057CF0040F766 /* Resources */ = {
			isa = PBXResourcesBuildPhase;
			buildActionMask = 2147483647;
			files = (
				62CEA5331FB057CF0040F766 /* LaunchScreen.storyboard in Resources */,
				62CEA5301FB057CF0040F766 /* Assets.xcassets in Resources */,
				62CEA52E1FB057CF0040F766 /* Main.storyboard in Resources */,
			);
			runOnlyForDeploymentPostprocessing = 0;
		};
/* End PBXResourcesBuildPhase section */

/* Begin PBXSourcesBuildPhase section */
		62CEA51F1FB057CF0040F766 /* Sources */ = {
			isa = PBXSourcesBuildPhase;
			buildActionMask = 2147483647;
			files = (
				62CEA53E1FB058810040F766 /* CustomNavigationBar.m in Sources */,
				62CEA52B1FB057CF0040F766 /* ViewController.m in Sources */,
				62CEA5361FB057CF0040F766 /* main.m in Sources */,
				62CEA5281FB057CF0040F766 /* AppDelegate.m in Sources */,
			);
			runOnlyForDeploymentPostprocessing = 0;
		};
/* End PBXSourcesBuildPhase section */

/* Begin PBXVariantGroup section */
		62CEA52C1FB057CF0040F766 /* Main.storyboard */ = {
			isa = PBXVariantGroup;
			children = (
				62CEA52D1FB057CF0040F766 /* Base */,
			);
			name = Main.storyboard;
			sourceTree = "<group>";
		};
		62CEA5311FB057CF0040F766 /* LaunchScreen.storyboard */ = {
			isa = PBXVariantGroup;
			children = (
				62CEA5321FB057CF0040F766 /* Base */,
			);
			name = LaunchScreen.storyboard;
			sourceTree = "<group>";
		};
/* End PBXVariantGroup section */

/* Begin XCBuildConfiguration section */
		62CEA5371FB057CF0040F766 /* Debug */ = {
			isa = XCBuildConfiguration;
			buildSettings = {
				ALWAYS_SEARCH_USER_PATHS = NO;
				CLANG_ANALYZER_NONNULL = YES;
				CLANG_ANALYZER_NUMBER_OBJECT_CONVERSION = YES_AGGRESSIVE;
				CLANG_CXX_LANGUAGE_STANDARD = "gnu++14";
				CLANG_CXX_LIBRARY = "libc++";
				CLANG_ENABLE_MODULES = YES;
				CLANG_ENABLE_OBJC_ARC = YES;
				CLANG_WARN_BLOCK_CAPTURE_AUTORELEASING = YES;
				CLANG_WARN_BOOL_CONVERSION = YES;
				CLANG_WARN_COMMA = YES;
				CLANG_WARN_CONSTANT_CONVERSION = YES;
				CLANG_WARN_DIRECT_OBJC_ISA_USAGE = YES_ERROR;
				CLANG_WARN_DOCUMENTATION_COMMENTS = YES;
				CLANG_WARN_EMPTY_BODY = YES;
				CLANG_WARN_ENUM_CONVERSION = YES;
				CLANG_WARN_INFINITE_RECURSION = YES;
				CLANG_WARN_INT_CONVERSION = YES;
				CLANG_WARN_NON_LITERAL_NULL_CONVERSION = YES;
				CLANG_WARN_OBJC_LITERAL_CONVERSION = YES;
				CLANG_WARN_OBJC_ROOT_CLASS = YES_ERROR;
				CLANG_WARN_RANGE_LOOP_ANALYSIS = YES;
				CLANG_WARN_STRICT_PROTOTYPES = YES;
				CLANG_WARN_SUSPICIOUS_MOVE = YES;
				CLANG_WARN_UNGUARDED_AVAILABILITY = YES_AGGRESSIVE;
				CLANG_WARN_UNREACHABLE_CODE = YES;
				CLANG_WARN__DUPLICATE_METHOD_MATCH = YES;
				CODE_SIGN_IDENTITY = "iPhone Developer";
				COPY_PHASE_STRIP = NO;
				DEBUG_INFORMATION_FORMAT = dwarf;
				ENABLE_STRICT_OBJC_MSGSEND = YES;
				ENABLE_TESTABILITY = YES;
				GCC_C_LANGUAGE_STANDARD = gnu11;
				GCC_DYNAMIC_NO_PIC = NO;
				GCC_NO_COMMON_BLOCKS = YES;
				GCC_OPTIMIZATION_LEVEL = 0;
				GCC_PREPROCESSOR_DEFINITIONS = (
					"DEBUG=1",
					"$(inherited)",
				);
				GCC_WARN_64_TO_32_BIT_CONVERSION = YES;
				GCC_WARN_ABOUT_RETURN_TYPE = YES_ERROR;
				GCC_WARN_UNDECLARED_SELECTOR = YES;
				GCC_WARN_UNINITIALIZED_AUTOS = YES_AGGRESSIVE;
				GCC_WARN_UNUSED_FUNCTION = YES;
				GCC_WARN_UNUSED_VARIABLE = YES;
				IPHONEOS_DEPLOYMENT_TARGET = 11.1;
				MTL_ENABLE_DEBUG_INFO = YES;
				ONLY_ACTIVE_ARCH = YES;
				SDKROOT = iphoneos;
			};
			name = Debug;
		};
		62CEA5381FB057CF0040F766 /* Release */ = {
			isa = XCBuildConfiguration;
			buildSettings = {
				ALWAYS_SEARCH_USER_PATHS = NO;
				CLANG_ANALYZER_NONNULL = YES;
				CLANG_ANALYZER_NUMBER_OBJECT_CONVERSION = YES_AGGRESSIVE;
				CLANG_CXX_LANGUAGE_STANDARD = "gnu++14";
				CLANG_CXX_LIBRARY = "libc++";
				CLANG_ENABLE_MODULES = YES;
				CLANG_ENABLE_OBJC_ARC = YES;
				CLANG_WARN_BLOCK_CAPTURE_AUTORELEASING = YES;
				CLANG_WARN_BOOL_CONVERSION = YES;
				CLANG_WARN_COMMA = YES;
				CLANG_WARN_CONSTANT_CONVERSION = YES;
				CLANG_WARN_DIRECT_OBJC_ISA_USAGE = YES_ERROR;
				CLANG_WARN_DOCUMENTATION_COMMENTS = YES;
				CLANG_WARN_EMPTY_BODY = YES;
				CLANG_WARN_ENUM_CONVERSION = YES;
				CLANG_WARN_INFINITE_RECURSION = YES;
				CLANG_WARN_INT_CONVERSION = YES;
				CLANG_WARN_NON_LITERAL_NULL_CONVERSION = YES;
				CLANG_WARN_OBJC_LITERAL_CONVERSION = YES;
				CLANG_WARN_OBJC_ROOT_CLASS = YES_ERROR;
				CLANG_WARN_RANGE_LOOP_ANALYSIS = YES;
				CLANG_WARN_STRICT_PROTOTYPES = YES;
				CLANG_WARN_SUSPICIOUS_MOVE = YES;
				CLANG_WARN_UNGUARDED_AVAILABILITY = YES_AGGRESSIVE;
				CLANG_WARN_UNREACHABLE_CODE = YES;
				CLANG_WARN__DUPLICATE_METHOD_MATCH = YES;
				CODE_SIGN_IDENTITY = "iPhone Developer";
				COPY_PHASE_STRIP = NO;
				DEBUG_INFORMATION_FORMAT = "dwarf-with-dsym";
				ENABLE_NS_ASSERTIONS = NO;
				ENABLE_STRICT_OBJC_MSGSEND = YES;
				GCC_C_LANGUAGE_STANDARD = gnu11;
				GCC_NO_COMMON_BLOCKS = YES;
				GCC_WARN_64_TO_32_BIT_CONVERSION = YES;
				GCC_WARN_ABOUT_RETURN_TYPE = YES_ERROR;
				GCC_WARN_UNDECLARED_SELECTOR = YES;
				GCC_WARN_UNINITIALIZED_AUTOS = YES_AGGRESSIVE;
				GCC_WARN_UNUSED_FUNCTION = YES;
				GCC_WARN_UNUSED_VARIABLE = YES;
				IPHONEOS_DEPLOYMENT_TARGET = 11.1;
				MTL_ENABLE_DEBUG_INFO = NO;
				SDKROOT = iphoneos;
				VALIDATE_PRODUCT = YES;
			};
			name = Release;
		};
		62CEA53A1FB057CF0040F766 /* Debug */ = {
			isa = XCBuildConfiguration;
			buildSettings = {
				ASSETCATALOG_COMPILER_APPICON_NAME = AppIcon;
				CODE_SIGN_STYLE = Automatic;
				DEVELOPMENT_TEAM = "";
				GCC_PREFIX_HEADER = StretchHeadControls/PrefixHeader.pch;
				INFOPLIST_FILE = StretchHeadControls/Info.plist;
				LD_RUNPATH_SEARCH_PATHS = "$(inherited) @executable_path/Frameworks";
				PRODUCT_BUNDLE_IDENTIFIER = com.haoyunsong.StretchHeadControls;
				PRODUCT_NAME = "$(TARGET_NAME)";
				TARGETED_DEVICE_FAMILY = "1,2";
			};
			name = Debug;
		};
		62CEA53B1FB057CF0040F766 /* Release */ = {
			isa = XCBuildConfiguration;
			buildSettings = {
				ASSETCATALOG_COMPILER_APPICON_NAME = AppIcon;
				CODE_SIGN_STYLE = Automatic;
				DEVELOPMENT_TEAM = "";
				GCC_PREFIX_HEADER = StretchHeadControls/PrefixHeader.pch;
				INFOPLIST_FILE = StretchHeadControls/Info.plist;
				LD_RUNPATH_SEARCH_PATHS = "$(inherited) @executable_path/Frameworks";
				PRODUCT_BUNDLE_IDENTIFIER = com.haoyunsong.StretchHeadControls;
				PRODUCT_NAME = "$(TARGET_NAME)";
				TARGETED_DEVICE_FAMILY = "1,2";
			};
			name = Release;
		};
/* End XCBuildConfiguration section */

/* Begin XCConfigurationList section */
		62CEA51E1FB057CF0040F766 /* Build configuration list for PBXProject "StretchHeadControls" */ = {
			isa = XCConfigurationList;
			buildConfigurations = (
				62CEA5371FB057CF0040F766 /* Debug */,
				62CEA5381FB057CF0040F766 /* Release */,
			);
			defaultConfigurationIsVisible = 0;
			defaultConfigurationName = Release;
		};
		62CEA5391FB057CF0040F766 /* Build configuration list for PBXNativeTarget "StretchHeadControls" */ = {
			isa = XCConfigurationList;
			buildConfigurations = (
				62CEA53A1FB057CF0040F766 /* Debug */,
				62CEA53B1FB057CF0040F766 /* Release */,
			);
			defaultConfigurationIsVisible = 0;
			defaultConfigurationName = Release;
		};
/* End XCConfigurationList section */
	};
	rootObject = 62CEA51B1FB057CF0040F766 /* Project object */;
}
